
Microsoft Visual Studio Solution File, Format Version 12.00
# Visual Studio 15
VisualStudioVersion = 15.0.27428.2002
MinimumVisualStudioVersion = 10.0.40219.1
Project("{FAE04EC0-301F-11D3-BF4B-00C04F79EFBC}") = "Sudoku", "Sudoku\Sudoku.csproj", "{52F0EE9E-DA77-4ACF-9980-B28C8557541E}"
EndProject
Global
	GlobalSection(SolutionConfigurationPlatforms) = preSolution
		Debug|Any CPU = Debug|Any CPU
		Release|Any CPU = Release|Any CPU
	EndGlobalSection
	GlobalSection(ProjectConfigurationPlatforms) = postSolution
		{52F0EE9E-DA77-4ACF-9980-B28C8557541E}.Debug|Any CPU.ActiveCfg = Debug|Any CPU
		{52F0EE9E-DA77-4ACF-9980-B28C8557541E}.Debug|Any CPU.Build.0 = Debug|Any CPU
		{52F0EE9E-DA77-4ACF-9980-B28C8557541E}.Release|Any CPU.ActiveCfg = Release|Any CPU
		{52F0EE9E-DA77-4ACF-9980-B28C8557541E}.Release|Any CPU.Build.0 = Release|Any CPU
	EndGlobalSection
	GlobalSection(SolutionProperties) = preSolution
		HideSolutionNode = FALSE
	EndGlobalSection
	GlobalSection(ExtensibilityGlobals) = postSolution
		SolutionGuid = {06DF3C2C-CD6C-4805-B732-14AA0B804177}
	EndGlobalSection
EndGlobal
